
Microsoft Visual Studio Solution File, Format Version 12.00
# Visual Studio 15
VisualStudioVersion = 15.0.27428.2037
MinimumVisualStudioVersion = 10.0.40219.1
Project("{FAE04EC0-301F-11D3-BF4B-00C04F79EFBC}") = "Navbar.Android", "Navbar\Navbar.Android\Navbar.Android.csproj", "{9E2F341D-5355-4821-946C-ECF0B3319592}"
EndProject
Project("{FAE04EC0-301F-11D3-BF4B-00C04F79EFBC}") = "Navbar.iOS", "Navbar\Navbar.iOS\Navbar.iOS.csproj", "{531E24FA-25D7-4CE2-8ED9-0ABE88CDCB2A}"
EndProject
Project("{FAE04EC0-301F-11D3-BF4B-00C04F79EFBC}") = "Navbar.UWP", "Navbar\Navbar.UWP\Navbar.UWP.csproj", "{31E05B7E-3571-4C67-AB28-B568ADF83DCE}"
EndProject
Project("{FAE04EC0-301F-11D3-BF4B-00C04F79EFBC}") = "Navbar", "Navbar\Navbar\Navbar.csproj", "{FCEFD9CB-05C1-4D50-8095-3FE1D70BB217}"
EndProject
Global
	GlobalSection(SolutionConfigurationPlatforms) = preSolution
		Ad-Hoc|Any CPU = Ad-Hoc|Any CPU
		Ad-Hoc|ARM = Ad-Hoc|ARM
		Ad-Hoc|iPhone = Ad-Hoc|iPhone
		Ad-Hoc|iPhoneSimulator = Ad-Hoc|iPhoneSimulator
		Ad-Hoc|x64 = Ad-Hoc|x64
		Ad-Hoc|x86 = Ad-Hoc|x86
		AppStore|Any CPU = AppStore|Any CPU
		AppStore|ARM = AppStore|ARM
		AppStore|iPhone = AppStore|iPhone
		AppStore|iPhoneSimulator = AppStore|iPhoneSimulator
		AppStore|x64 = AppStore|x64
		AppStore|x86 = AppStore|x86
		Debug|Any CPU = Debug|Any CPU
		Debug|ARM = Debug|ARM
		Debug|iPhone = Debug|iPhone
		Debug|iPhoneSimulator = Debug|iPhoneSimulator
		Debug|x64 = Debug|x64
		Debug|x86 = Debug|x86
		Release|Any CPU = Release|Any CPU
		Release|ARM = Release|ARM
		Release|iPhone = Release|iPhone
		Release|iPhoneSimulator = Release|iPhoneSimulator
		Release|x64 = Release|x64
		Release|x86 = Release|x86
	EndGlobalSection
	GlobalSection(ProjectConfigurationPlatforms) = postSolution
		{9E2F341D-5355-4821-946C-ECF0B3319592}.Ad-Hoc|Any CPU.ActiveCfg = Release|Any CPU
		{9E2F341D-5355-4821-946C-ECF0B3319592}.Ad-Hoc|Any CPU.Build.0 = Release|Any CPU
		{9E2F341D-5355-4821-946C-ECF0B3319592}.Ad-Hoc|Any CPU.Deploy.0 = Release|Any CPU
		{9E2F341D-5355-4821-946C-ECF0B3319592}.Ad-Hoc|ARM.ActiveCfg = Release|Any CPU
		{9E2F341D-5355-4821-946C-ECF0B3319592}.Ad-Hoc|ARM.Build.0 = Release|Any CPU
		{9E2F341D-5355-4821-946C-ECF0B3319592}.Ad-Hoc|ARM.Deploy.0 = Release|Any CPU
		{9E2F341D-5355-4821-946C-ECF0B3319592}.Ad-Hoc|iPhone.ActiveCfg = Release|Any CPU
		{9E2F341D-5355-4821-946C-ECF0B3319592}.Ad-Hoc|iPhone.Build.0 = Release|Any CPU
		{9E2F341D-5355-4821-946C-ECF0B3319592}.Ad-Hoc|iPhone.Deploy.0 = Release|Any CPU
		{9E2F341D-5355-4821-946C-ECF0B3319592}.Ad-Hoc|iPhoneSimulator.ActiveCfg = Release|Any CPU
		{9E2F341D-5355-4821-946C-ECF0B3319592}.Ad-Hoc|iPhoneSimulator.Build.0 = Release|Any CPU
		{9E2F341D-5355-4821-946C-ECF0B3319592}.Ad-Hoc|iPhoneSimulator.Deploy.0 = Release|Any CPU
		{9E2F341D-5355-4821-946C-ECF0B3319592}.Ad-Hoc|x64.ActiveCfg = Release|Any CPU
		{9E2F341D-5355-4821-946C-ECF0B3319592}.Ad-Hoc|x64.Build.0 = Release|Any CPU
		{9E2F341D-5355-4821-946C-ECF0B3319592}.Ad-Hoc|x64.Deploy.0 = Release|Any CPU
		{9E2F341D-5355-4821-946C-ECF0B3319592}.Ad-Hoc|x86.ActiveCfg = Release|Any CPU
		{9E2F341D-5355-4821-946C-ECF0B3319592}.Ad-Hoc|x86.Build.0 = Release|Any CPU
		{9E2F341D-5355-4821-946C-ECF0B3319592}.Ad-Hoc|x86.Deploy.0 = Release|Any CPU
		{9E2F341D-5355-4821-946C-ECF0B3319592}.AppStore|Any CPU.ActiveCfg = Release|Any CPU
		{9E2F341D-5355-4821-946C-ECF0B3319592}.AppStore|Any CPU.Build.0 = Release|Any CPU
		{9E2F341D-5355-4821-946C-ECF0B3319592}.AppStore|Any CPU.Deploy.0 = Release|Any CPU
		{9E2F341D-5355-4821-946C-ECF0B3319592}.AppStore|ARM.ActiveCfg = Release|Any CPU
		{9E2F341D-5355-4821-946C-ECF0B3319592}.AppStore|ARM.Build.0 = Release|Any CPU
		{9E2F341D-5355-4821-946C-ECF0B3319592}.AppStore|ARM.Deploy.0 = Release|Any CPU
		{9E2F341D-5355-4821-946C-ECF0B3319592}.AppStore|iPhone.ActiveCfg = Release|Any CPU
		{9E2F341D-5355-4821-946C-ECF0B3319592}.AppStore|iPhone.Build.0 = Release|Any CPU
		{9E2F341D-5355-4821-946C-ECF0B3319592}.AppStore|iPhone.Deploy.0 = Release|Any CPU
		{9E2F341D-5355-4821-946C-ECF0B3319592}.AppStore|iPhoneSimulator.ActiveCfg = Release|Any CPU
		{9E2F341D-5355-4821-946C-ECF0B3319592}.AppStore|iPhoneSimulator.Build.0 = Release|Any CPU
		{9E2F341D-5355-4821-946C-ECF0B3319592}.AppStore|iPhoneSimulator.Deploy.0 = Release|Any CPU
		{9E2F341D-5355-4821-946C-ECF0B3319592}.AppStore|x64.ActiveCfg = Release|Any CPU
		{9E2F341D-5355-4821-946C-ECF0B3319592}.AppStore|x64.Build.0 = Release|Any CPU
		{9E2F341D-5355-4821-946C-ECF0B3319592}.AppStore|x64.Deploy.0 = Release|Any CPU
		{9E2F341D-5355-4821-946C-ECF0B3319592}.AppStore|x86.ActiveCfg = Release|Any CPU
		{9E2F341D-5355-4821-946C-ECF0B3319592}.AppStore|x86.Build.0 = Release|Any CPU
		{9E2F341D-5355-4821-946C-ECF0B3319592}.AppStore|x86.Deploy.0 = Release|Any CPU
		{9E2F341D-5355-4821-946C-ECF0B3319592}.Debug|Any CPU.ActiveCfg = Debug|Any CPU
		{9E2F341D-5355-4821-946C-ECF0B3319592}.Debug|Any CPU.Build.0 = Debug|Any CPU
		{9E2F341D-5355-4821-946C-ECF0B3319592}.Debug|Any CPU.Deploy.0 = Debug|Any CPU
		{9E2F341D-5355-4821-946C-ECF0B3319592}.Debug|ARM.ActiveCfg = Debug|Any CPU
		{9E2F341D-5355-4821-946C-ECF0B3319592}.Debug|ARM.Build.0 = Debug|Any CPU
		{9E2F341D-5355-4821-946C-ECF0B3319592}.Debug|ARM.Deploy.0 = Debug|Any CPU
		{9E2F341D-5355-4821-946C-ECF0B3319592}.Debug|iPhone.ActiveCfg = Debug|Any CPU
		{9E2F341D-5355-4821-946C-ECF0B3319592}.Debug|iPhone.Build.0 = Debug|Any CPU
		{9E2F341D-5355-4821-946C-ECF0B3319592}.Debug|iPhone.Deploy.0 = Debug|Any CPU
		{9E2F341D-5355-4821-946C-ECF0B3319592}.Debug|iPhoneSimulator.ActiveCfg = Debug|Any CPU
		{9E2F341D-5355-4821-946C-ECF0B3319592}.Debug|iPhoneSimulator.Build.0 = Debug|Any CPU
		{9E2F341D-5355-4821-946C-ECF0B3319592}.Debug|iPhoneSimulator.Deploy.0 = Debug|Any CPU
		{9E2F341D-5355-4821-946C-ECF0B3319592}.Debug|x64.ActiveCfg = Debug|Any CPU
		{9E2F341D-5355-4821-946C-ECF0B3319592}.Debug|x64.Build.0 = Debug|Any CPU
		{9E2F341D-5355-4821-946C-ECF0B3319592}.Debug|x64.Deploy.0 = Debug|Any CPU
		{9E2F341D-5355-4821-946C-ECF0B3319592}.Debug|x86.ActiveCfg = Debug|Any CPU
		{9E2F341D-5355-4821-946C-ECF0B3319592}.Debug|x86.Build.0 = Debug|Any CPU
		{9E2F341D-5355-4821-946C-ECF0B3319592}.Debug|x86.Deploy.0 = Debug|Any CPU
		{9E2F341D-5355-4821-946C-ECF0B3319592}.Release|Any CPU.ActiveCfg = Release|Any CPU
		{9E2F341D-5355-4821-946C-ECF0B3319592}.Release|Any CPU.Build.0 = Release|Any CPU
		{9E2F341D-5355-4821-946C-ECF0B3319592}.Release|Any CPU.Deploy.0 = Release|Any CPU
		{9E2F341D-5355-4821-946C-ECF0B3319592}.Release|ARM.ActiveCfg = Release|Any CPU
		{9E2F341D-5355-4821-946C-ECF0B3319592}.Release|ARM.Build.0 = Release|Any CPU
		{9E2F341D-5355-4821-946C-ECF0B3319592}.Release|ARM.Deploy.0 = Release|Any CPU
		{9E2F341D-5355-4821-946C-ECF0B3319592}.Release|iPhone.ActiveCfg = Release|Any CPU
		{9E2F341D-5355-4821-946C-ECF0B3319592}.Release|iPhone.Build.0 = Release|Any CPU
		{9E2F341D-5355-4821-946C-ECF0B3319592}.Release|iPhone.Deploy.0 = Release|Any CPU
		{9E2F341D-5355-4821-946C-ECF0B3319592}.Release|iPhoneSimulator.ActiveCfg = Release|Any CPU
		{9E2F341D-5355-4821-946C-ECF0B3319592}.Release|iPhoneSimulator.Build.0 = Release|Any CPU
		{9E2F341D-5355-4821-946C-ECF0B3319592}.Release|iPhoneSimulator.Deploy.0 = Release|Any CPU
		{9E2F341D-5355-4821-946C-ECF0B3319592}.Release|x64.ActiveCfg = Release|Any CPU
		{9E2F341D-5355-4821-946C-ECF0B3319592}.Release|x64.Build.0 = Release|Any CPU
		{9E2F341D-5355-4821-946C-ECF0B3319592}.Release|x64.Deploy.0 = Release|Any CPU
		{9E2F341D-5355-4821-946C-ECF0B3319592}.Release|x86.ActiveCfg = Release|Any CPU
		{9E2F341D-5355-4821-946C-ECF0B3319592}.Release|x86.Build.0 = Release|Any CPU
		{9E2F341D-5355-4821-946C-ECF0B3319592}.Release|x86.Deploy.0 = Release|Any CPU
		{531E24FA-25D7-4CE2-8ED9-0ABE88CDCB2A}.Ad-Hoc|Any CPU.ActiveCfg = Ad-Hoc|iPhone
		{531E24FA-25D7-4CE2-8ED9-0ABE88CDCB2A}.Ad-Hoc|ARM.ActiveCfg = Ad-Hoc|iPhone
		{531E24FA-25D7-4CE2-8ED9-0ABE88CDCB2A}.Ad-Hoc|iPhone.ActiveCfg = Ad-Hoc|iPhone
		{531E24FA-25D7-4CE2-8ED9-0ABE88CDCB2A}.Ad-Hoc|iPhone.Build.0 = Ad-Hoc|iPhone
		{531E24FA-25D7-4CE2-8ED9-0ABE88CDCB2A}.Ad-Hoc|iPhoneSimulator.ActiveCfg = Ad-Hoc|iPhoneSimulator
		{531E24FA-25D7-4CE2-8ED9-0ABE88CDCB2A}.Ad-Hoc|iPhoneSimulator.Build.0 = Ad-Hoc|iPhoneSimulator
		{531E24FA-25D7-4CE2-8ED9-0ABE88CDCB2A}.Ad-Hoc|x64.ActiveCfg = Ad-Hoc|iPhone
		{531E24FA-25D7-4CE2-8ED9-0ABE88CDCB2A}.Ad-Hoc|x86.ActiveCfg = Ad-Hoc|iPhone
		{531E24FA-25D7-4CE2-8ED9-0ABE88CDCB2A}.AppStore|Any CPU.ActiveCfg = AppStore|iPhone
		{531E24FA-25D7-4CE2-8ED9-0ABE88CDCB2A}.AppStore|ARM.ActiveCfg = AppStore|iPhone
		{531E24FA-25D7-4CE2-8ED9-0ABE88CDCB2A}.AppStore|iPhone.ActiveCfg = AppStore|iPhone
		{531E24FA-25D7-4CE2-8ED9-0ABE88CDCB2A}.AppStore|iPhone.Build.0 = AppStore|iPhone
		{531E24FA-25D7-4CE2-8ED9-0ABE88CDCB2A}.AppStore|iPhoneSimulator.ActiveCfg = AppStore|iPhoneSimulator
		{531E24FA-25D7-4CE2-8ED9-0ABE88CDCB2A}.AppStore|iPhoneSimulator.Build.0 = AppStore|iPhoneSimulator
		{531E24FA-25D7-4CE2-8ED9-0ABE88CDCB2A}.AppStore|x64.ActiveCfg = AppStore|iPhone
		{531E24FA-25D7-4CE2-8ED9-0ABE88CDCB2A}.AppStore|x86.ActiveCfg = AppStore|iPhone
		{531E24FA-25D7-4CE2-8ED9-0ABE88CDCB2A}.Debug|Any CPU.ActiveCfg = Debug|iPhone
		{531E24FA-25D7-4CE2-8ED9-0ABE88CDCB2A}.Debug|ARM.ActiveCfg = Debug|iPhone
		{531E24FA-25D7-4CE2-8ED9-0ABE88CDCB2A}.Debug|iPhone.ActiveCfg = Debug|iPhone
		{531E24FA-25D7-4CE2-8ED9-0ABE88CDCB2A}.Debug|iPhone.Build.0 = Debug|iPhone
		{531E24FA-25D7-4CE2-8ED9-0ABE88CDCB2A}.Debug|iPhoneSimulator.ActiveCfg = Debug|iPhoneSimulator
		{531E24FA-25D7-4CE2-8ED9-0ABE88CDCB2A}.Debug|iPhoneSimulator.Build.0 = Debug|iPhoneSimulator
		{531E24FA-25D7-4CE2-8ED9-0ABE88CDCB2A}.Debug|x64.ActiveCfg = Debug|iPhone
		{531E24FA-25D7-4CE2-8ED9-0ABE88CDCB2A}.Debug|x86.ActiveCfg = Debug|iPhone
		{531E24FA-25D7-4CE2-8ED9-0ABE88CDCB2A}.Release|Any CPU.ActiveCfg = Release|iPhone
		{531E24FA-25D7-4CE2-8ED9-0ABE88CDCB2A}.Release|ARM.ActiveCfg = Release|iPhone
		{531E24FA-25D7-4CE2-8ED9-0ABE88CDCB2A}.Release|iPhone.ActiveCfg = Release|iPhone
		{531E24FA-25D7-4CE2-8ED9-0ABE88CDCB2A}.Release|iPhone.Build.0 = Release|iPhone
		{531E24FA-25D7-4CE2-8ED9-0ABE88CDCB2A}.Release|iPhoneSimulator.ActiveCfg = Release|iPhoneSimulator
		{531E24FA-25D7-4CE2-8ED9-0ABE88CDCB2A}.Release|iPhoneSimulator.Build.0 = Release|iPhoneSimulator
		{531E24FA-25D7-4CE2-8ED9-0ABE88CDCB2A}.Release|x64.ActiveCfg = Release|iPhone
		{531E24FA-25D7-4CE2-8ED9-0ABE88CDCB2A}.Release|x86.ActiveCfg = Release|iPhone
		{31E05B7E-3571-4C67-AB28-B568ADF83DCE}.Ad-Hoc|Any CPU.ActiveCfg = Release|x86
		{31E05B7E-3571-4C67-AB28-B568ADF83DCE}.Ad-Hoc|Any CPU.Build.0 = Release|x86
		{31E05B7E-3571-4C67-AB28-B568ADF83DCE}.Ad-Hoc|Any CPU.Deploy.0 = Release|x86
		{31E05B7E-3571-4C67-AB28-B568ADF83DCE}.Ad-Hoc|ARM.ActiveCfg = Release|ARM
		{31E05B7E-3571-4C67-AB28-B568ADF83DCE}.Ad-Hoc|ARM.Build.0 = Release|ARM
		{31E05B7E-3571-4C67-AB28-B568ADF83DCE}.Ad-Hoc|ARM.Deploy.0 = Release|ARM
		{31E05B7E-3571-4C67-AB28-B568ADF83DCE}.Ad-Hoc|iPhone.ActiveCfg = Release|x86
		{31E05B7E-3571-4C67-AB28-B568ADF83DCE}.Ad-Hoc|iPhone.Build.0 = Release|x86
		{31E05B7E-3571-4C67-AB28-B568ADF83DCE}.Ad-Hoc|iPhone.Deploy.0 = Release|x86
		{31E05B7E-3571-4C67-AB28-B568ADF83DCE}.Ad-Hoc|iPhoneSimulator.ActiveCfg = Release|x86
		{31E05B7E-3571-4C67-AB28-B568ADF83DCE}.Ad-Hoc|iPhoneSimulator.Build.0 = Release|x86
		{31E05B7E-3571-4C67-AB28-B568ADF83DCE}.Ad-Hoc|iPhoneSimulator.Deploy.0 = Release|x86
		{31E05B7E-3571-4C67-AB28-B568ADF83DCE}.Ad-Hoc|x64.ActiveCfg = Release|x64
		{31E05B7E-3571-4C67-AB28-B568ADF83DCE}.Ad-Hoc|x64.Build.0 = Release|x64
		{31E05B7E-3571-4C67-AB28-B568ADF83DCE}.Ad-Hoc|x64.Deploy.0 = Release|x64
		{31E05B7E-3571-4C67-AB28-B568ADF83DCE}.Ad-Hoc|x86.ActiveCfg = Release|x86
		{31E05B7E-3571-4C67-AB28-B568ADF83DCE}.Ad-Hoc|x86.Build.0 = Release|x86
		{31E05B7E-3571-4C67-AB28-B568ADF83DCE}.Ad-Hoc|x86.Deploy.0 = Release|x86
		{31E05B7E-3571-4C67-AB28-B568ADF83DCE}.AppStore|Any CPU.ActiveCfg = Release|x86
		{31E05B7E-3571-4C67-AB28-B568ADF83DCE}.AppStore|Any CPU.Build.0 = Release|x86
		{31E05B7E-3571-4C67-AB28-B568ADF83DCE}.AppStore|Any CPU.Deploy.0 = Release|x86
		{31E05B7E-3571-4C67-AB28-B568ADF83DCE}.AppStore|ARM.ActiveCfg = Release|ARM
		{31E05B7E-3571-4C67-AB28-B568ADF83DCE}.AppStore|ARM.Build.0 = Release|ARM
		{31E05B7E-3571-4C67-AB28-B568ADF83DCE}.AppStore|ARM.Deploy.0 = Release|ARM
		{31E05B7E-3571-4C67-AB28-B568ADF83DCE}.AppStore|iPhone.ActiveCfg = Release|x86
		{31E05B7E-3571-4C67-AB28-B568ADF83DCE}.AppStore|iPhone.Build.0 = Release|x86
		{31E05B7E-3571-4C67-AB28-B568ADF83DCE}.AppStore|iPhone.Deploy.0 = Release|x86
		{31E05B7E-3571-4C67-AB28-B568ADF83DCE}.AppStore|iPhoneSimulator.ActiveCfg = Release|x86
		{31E05B7E-3571-4C67-AB28-B568ADF83DCE}.AppStore|iPhoneSimulator.Build.0 = Release|x86
		{31E05B7E-3571-4C67-AB28-B568ADF83DCE}.AppStore|iPhoneSimulator.Deploy.0 = Release|x86
		{31E05B7E-3571-4C67-AB28-B568ADF83DCE}.AppStore|x64.ActiveCfg = Release|x64
		{31E05B7E-3571-4C67-AB28-B568ADF83DCE}.AppStore|x64.Build.0 = Release|x64
		{31E05B7E-3571-4C67-AB28-B568ADF83DCE}.AppStore|x64.Deploy.0 = Release|x64
		{31E05B7E-3571-4C67-AB28-B568ADF83DCE}.AppStore|x86.ActiveCfg = Release|x86
		{31E05B7E-3571-4C67-AB28-B568ADF83DCE}.AppStore|x86.Build.0 = Release|x86
		{31E05B7E-3571-4C67-AB28-B568ADF83DCE}.AppStore|x86.Deploy.0 = Release|x86
		{31E05B7E-3571-4C67-AB28-B568ADF83DCE}.Debug|Any CPU.ActiveCfg = Debug|x86
		{31E05B7E-3571-4C67-AB28-B568ADF83DCE}.Debug|ARM.ActiveCfg = Debug|ARM
		{31E05B7E-3571-4C67-AB28-B568ADF83DCE}.Debug|ARM.Build.0 = Debug|ARM
		{31E05B7E-3571-4C67-AB28-B568ADF83DCE}.Debug|ARM.Deploy.0 = Debug|ARM
		{31E05B7E-3571-4C67-AB28-B568ADF83DCE}.Debug|iPhone.ActiveCfg = Debug|x86
		{31E05B7E-3571-4C67-AB28-B568ADF83DCE}.Debug|iPhoneSimulator.ActiveCfg = Debug|x86
		{31E05B7E-3571-4C67-AB28-B568ADF83DCE}.Debug|x64.ActiveCfg = Debug|x64
		{31E05B7E-3571-4C67-AB28-B568ADF83DCE}.Debug|x64.Build.0 = Debug|x64
		{31E05B7E-3571-4C67-AB28-B568ADF83DCE}.Debug|x64.Deploy.0 = Debug|x64
		{31E05B7E-3571-4C67-AB28-B568ADF83DCE}.Debug|x86.ActiveCfg = Debug|x86
		{31E05B7E-3571-4C67-AB28-B568ADF83DCE}.Debug|x86.Build.0 = Debug|x86
		{31E05B7E-3571-4C67-AB28-B568ADF83DCE}.Debug|x86.Deploy.0 = Debug|x86
		{31E05B7E-3571-4C67-AB28-B568ADF83DCE}.Release|Any CPU.ActiveCfg = Release|x86
		{31E05B7E-3571-4C67-AB28-B568ADF83DCE}.Release|ARM.ActiveCfg = Release|ARM
		{31E05B7E-3571-4C67-AB28-B568ADF83DCE}.Release|ARM.Build.0 = Release|ARM
		{31E05B7E-3571-4C67-AB28-B568ADF83DCE}.Release|ARM.Deploy.0 = Release|ARM
		{31E05B7E-3571-4C67-AB28-B568ADF83DCE}.Release|iPhone.ActiveCfg = Release|x86
		{31E05B7E-3571-4C67-AB28-B568ADF83DCE}.Release|iPhoneSimulator.ActiveCfg = Release|x86
		{31E05B7E-3571-4C67-AB28-B568ADF83DCE}.Release|x64.ActiveCfg = Release|x64
		{31E05B7E-3571-4C67-AB28-B568ADF83DCE}.Release|x64.Build.0 = Release|x64
		{31E05B7E-3571-4C67-AB28-B568ADF83DCE}.Release|x64.Deploy.0 = Release|x64
		{31E05B7E-3571-4C67-AB28-B568ADF83DCE}.Release|x86.ActiveCfg = Release|x86
		{31E05B7E-3571-4C67-AB28-B568ADF83DCE}.Release|x86.Build.0 = Release|x86
		{31E05B7E-3571-4C67-AB28-B568ADF83DCE}.Release|x86.Deploy.0 = Release|x86
		{FCEFD9CB-05C1-4D50-8095-3FE1D70BB217}.Ad-Hoc|Any CPU.ActiveCfg = Debug|Any CPU
		{FCEFD9CB-05C1-4D50-8095-3FE1D70BB217}.Ad-Hoc|Any CPU.Build.0 = Debug|Any CPU
		{FCEFD9CB-05C1-4D50-8095-3FE1D70BB217}.Ad-Hoc|ARM.ActiveCfg = Debug|Any CPU
		{FCEFD9CB-05C1-4D50-8095-3FE1D70BB217}.Ad-Hoc|ARM.Build.0 = Debug|Any CPU
		{FCEFD9CB-05C1-4D50-8095-3FE1D70BB217}.Ad-Hoc|iPhone.ActiveCfg = Debug|Any CPU
		{FCEFD9CB-05C1-4D50-8095-3FE1D70BB217}.Ad-Hoc|iPhone.Build.0 = Debug|Any CPU
		{FCEFD9CB-05C1-4D50-8095-3FE1D70BB217}.Ad-Hoc|iPhoneSimulator.ActiveCfg = Debug|Any CPU
		{FCEFD9CB-05C1-4D50-8095-3FE1D70BB217}.Ad-Hoc|iPhoneSimulator.Build.0 = Debug|Any CPU
		{FCEFD9CB-05C1-4D50-8095-3FE1D70BB217}.Ad-Hoc|x64.ActiveCfg = Debug|Any CPU
		{FCEFD9CB-05C1-4D50-8095-3FE1D70BB217}.Ad-Hoc|x64.Build.0 = Debug|Any CPU
		{FCEFD9CB-05C1-4D50-8095-3FE1D70BB217}.Ad-Hoc|x86.ActiveCfg = Debug|Any CPU
		{FCEFD9CB-05C1-4D50-8095-3FE1D70BB217}.Ad-Hoc|x86.Build.0 = Debug|Any CPU
		{FCEFD9CB-05C1-4D50-8095-3FE1D70BB217}.AppStore|Any CPU.ActiveCfg = Debug|Any CPU
		{FCEFD9CB-05C1-4D50-8095-3FE1D70BB217}.AppStore|Any CPU.Build.0 = Debug|Any CPU
		{FCEFD9CB-05C1-4D50-8095-3FE1D70BB217}.AppStore|ARM.ActiveCfg = Debug|Any CPU
		{FCEFD9CB-05C1-4D50-8095-3FE1D70BB217}.AppStore|ARM.Build.0 = Debug|Any CPU
		{FCEFD9CB-05C1-4D50-8095-3FE1D70BB217}.AppStore|iPhone.ActiveCfg = Debug|Any CPU
		{FCEFD9CB-05C1-4D50-8095-3FE1D70BB217}.AppStore|iPhone.Build.0 = Debug|Any CPU
		{FCEFD9CB-05C1-4D50-8095-3FE1D70BB217}.AppStore|iPhoneSimulator.ActiveCfg = Debug|Any CPU
		{FCEFD9CB-05C1-4D50-8095-3FE1D70BB217}.AppStore|iPhoneSimulator.Build.0 = Debug|Any CPU
		{FCEFD9CB-05C1-4D50-8095-3FE1D70BB217}.AppStore|x64.ActiveCfg = Debug|Any CPU
		{FCEFD9CB-05C1-4D50-8095-3FE1D70BB217}.AppStore|x64.Build.0 = Debug|Any CPU
		{FCEFD9CB-05C1-4D50-8095-3FE1D70BB217}.AppStore|x86.ActiveCfg = Debug|Any CPU
		{FCEFD9CB-05C1-4D50-8095-3FE1D70BB217}.AppStore|x86.Build.0 = Debug|Any CPU
		{FCEFD9CB-05C1-4D50-8095-3FE1D70BB217}.Debug|Any CPU.ActiveCfg = Debug|Any CPU
		{FCEFD9CB-05C1-4D50-8095-3FE1D70BB217}.Debug|Any CPU.Build.0 = Debug|Any CPU
		{FCEFD9CB-05C1-4D50-8095-3FE1D70BB217}.Debug|ARM.ActiveCfg = Debug|Any CPU
		{FCEFD9CB-05C1-4D50-8095-3FE1D70BB217}.Debug|ARM.Build.0 = Debug|Any CPU
		{FCEFD9CB-05C1-4D50-8095-3FE1D70BB217}.Debug|iPhone.ActiveCfg = Debug|Any CPU
		{FCEFD9CB-05C1-4D50-8095-3FE1D70BB217}.Debug|iPhone.Build.0 = Debug|Any CPU
		{FCEFD9CB-05C1-4D50-8095-3FE1D70BB217}.Debug|iPhoneSimulator.ActiveCfg = Debug|Any CPU
		{FCEFD9CB-05C1-4D50-8095-3FE1D70BB217}.Debug|iPhoneSimulator.Build.0 = Debug|Any CPU
		{FCEFD9CB-05C1-4D50-8095-3FE1D70BB217}.Debug|x64.ActiveCfg = Debug|Any CPU
		{FCEFD9CB-05C1-4D50-8095-3FE1D70BB217}.Debug|x64.Build.0 = Debug|Any CPU
		{FCEFD9CB-05C1-4D50-8095-3FE1D70BB217}.Debug|x86.ActiveCfg = Debug|Any CPU
		{FCEFD9CB-05C1-4D50-8095-3FE1D70BB217}.Debug|x86.Build.0 = Debug|Any CPU
		{FCEFD9CB-05C1-4D50-8095-3FE1D70BB217}.Release|Any CPU.ActiveCfg = Release|Any CPU
		{FCEFD9CB-05C1-4D50-8095-3FE1D70BB217}.Release|Any CPU.Build.0 = Release|Any CPU
		{FCEFD9CB-05C1-4D50-8095-3FE1D70BB217}.Release|ARM.ActiveCfg = Release|Any CPU
		{FCEFD9CB-05C1-4D50-8095-3FE1D70BB217}.Release|ARM.Build.0 = Release|Any CPU
		{FCEFD9CB-05C1-4D50-8095-3FE1D70BB217}.Release|iPhone.ActiveCfg = Release|Any CPU
		{FCEFD9CB-05C1-4D50-8095-3FE1D70BB217}.Release|iPhone.Build.0 = Release|Any CPU
		{FCEFD9CB-05C1-4D50-8095-3FE1D70BB217}.Release|iPhoneSimulator.ActiveCfg = Release|Any CPU
		{FCEFD9CB-05C1-4D50-8095-3FE1D70BB217}.Release|iPhoneSimulator.Build.0 = Release|Any CPU
		{FCEFD9CB-05C1-4D50-8095-3FE1D70BB217}.Release|x64.ActiveCfg = Release|Any CPU
		{FCEFD9CB-05C1-4D50-8095-3FE1D70BB217}.Release|x64.Build.0 = Release|Any CPU
		{FCEFD9CB-05C1-4D50-8095-3FE1D70BB217}.Release|x86.ActiveCfg = Release|Any CPU
		{FCEFD9CB-05C1-4D50-8095-3FE1D70BB217}.Release|x86.Build.0 = Release|Any CPU
	EndGlobalSection
	GlobalSection(SolutionProperties) = preSolution
		HideSolutionNode = FALSE
	EndGlobalSection
	GlobalSection(ExtensibilityGlobals) = postSolution
		SolutionGuid = {A3CC3912-346B-4A4E-A5AC-A24C136D904F}
	EndGlobalSection
EndGlobal
